
Microsoft Visual Studio Solution File, Format Version 12.00
# Visual Studio Version 17
VisualStudioVersion = 17.8.34316.72
MinimumVisualStudioVersion = 10.0.40219.1
Project("{9A19103F-16F7-4668-BE54-9A1E7A4F7556}") = "Shopify", "Shopify\Shopify.csproj", "{BCAEDE7E-8812-4F6D-BBF1-1572356F9AE9}"
EndProject
Project("{2150E333-8FDC-42A3-9474-1A3956D46DE8}") = "Solution Items", "Solution Items", "{201D08B7-581D-4F66-8B49-9EE969F9937D}"
	ProjectSection(SolutionItems) = preProject
		README.txt = README.txt
	EndProjectSection
EndProject
Global
	GlobalSection(SolutionConfigurationPlatforms) = preSolution
		Debug|Any CPU = Debug|Any CPU
		Release|Any CPU = Release|Any CPU
	EndGlobalSection
	GlobalSection(ProjectConfigurationPlatforms) = postSolution
		{BCAEDE7E-8812-4F6D-BBF1-1572356F9AE9}.Debug|Any CPU.ActiveCfg = Debug|Any CPU
		{BCAEDE7E-8812-4F6D-BBF1-1572356F9AE9}.Debug|Any CPU.Build.0 = Debug|Any CPU
		{BCAEDE7E-8812-4F6D-BBF1-1572356F9AE9}.Release|Any CPU.ActiveCfg = Release|Any CPU
		{BCAEDE7E-8812-4F6D-BBF1-1572356F9AE9}.Release|Any CPU.Build.0 = Release|Any CPU
	EndGlobalSection
	GlobalSection(SolutionProperties) = preSolution
		HideSolutionNode = FALSE
	EndGlobalSection
	GlobalSection(ExtensibilityGlobals) = postSolution
		SolutionGuid = {A89033C6-A1CB-4D7D-B308-34EC410F488D}
	EndGlobalSection
EndGlobal
